// !$*UTF8*$!
{
	archiveVersion = 1;
	classes = {
	};
	objectVersion = 50;
	objects = {

/* Begin PBXBuildFile section */
		BE583661239B14D500240335 /* AppDelegate.swift in Sources */ = {isa = PBXBuildFile; fileRef = BE583660239B14D500240335 /* AppDelegate.swift */; };
		BE583663239B14D500240335 /* SceneDelegate.swift in Sources */ = {isa = PBXBuildFile; fileRef = BE583662239B14D500240335 /* SceneDelegate.swift */; };
		BE583665239B14D500240335 /* ContentView.swift in Sources */ = {isa = PBXBuildFile; fileRef = BE583664239B14D500240335 /* ContentView.swift */; };
		BE583667239B14D800240335 /* Assets.xcassets in Resources */ = {isa = PBXBuildFile; fileRef = BE583666239B14D800240335 /* Assets.xcassets */; };
		BE58366A239B14D800240335 /* Preview Assets.xcassets in Resources */ = {isa = PBXBuildFile; fileRef = BE583669239B14D800240335 /* Preview Assets.xcassets */; };
		BE58366D239B14D800240335 /* LaunchScreen.storyboard in Resources */ = {isa = PBXBuildFile; fileRef = BE58366B239B14D800240335 /* LaunchScreen.storyboard */; };
		BE583678239B14D800240335 /* ButtonTests.swift in Sources */ = {isa = PBXBuildFile; fileRef = BE583677239B14D800240335 /* ButtonTests.swift */; };
		BE583683239B14D800240335 /* ButtonUITests.swift in Sources */ = {isa = PBXBuildFile; fileRef = BE583682239B14D800240335 /* ButtonUITests.swift */; };
		BE583691239B600500240335 /* CustomButton.swift in Sources */ = {isa = PBXBuildFile; fileRef = BE583690239B600500240335 /* CustomButton.swift */; };
		BE583693239B61A200240335 /* LoadableButton.swift in Sources */ = {isa = PBXBuildFile; fileRef = BE583692239B61A200240335 /* LoadableButton.swift */; };
		BE583695239B630300240335 /* ActivityIndicator.swift in Sources */ = {isa = PBXBuildFile; fileRef = BE583694239B630300240335 /* ActivityIndicator.swift */; };
/* End PBXBuildFile section */

/* Begin PBXContainerItemProxy section */
		BE583674239B14D800240335 /* PBXContainerItemProxy */ = {
			isa = PBXContainerItemProxy;
			containerPortal = BE583655239B14D500240335 /* Project object */;
			proxyType = 1;
			remoteGlobalIDString = BE58365C239B14D500240335;
			remoteInfo = Button;
		};
		BE58367F239B14D800240335 /* PBXContainerItemProxy */ = {
			isa = PBXContainerItemProxy;
			containerPortal = BE583655239B14D500240335 /* Project object */;
			proxyType = 1;
			remoteGlobalIDString = BE58365C239B14D500240335;
			remoteInfo = Button;
		};
/* End PBXContainerItemProxy section */

/* Begin PBXFileReference section */
		BE58365D239B14D500240335 /* Button.app */ = {isa = PBXFileReference; explicitFileType = wrapper.application; includeInIndex = 0; path = Button.app; sourceTree = BUILT_PRODUCTS_DIR; };
		BE583660239B14D500240335 /* AppDelegate.swift */ = {isa = PBXFileReference; lastKnownFileType = sourcecode.swift; path = AppDelegate.swift; sourceTree = "<group>"; };
		BE583662239B14D500240335 /* SceneDelegate.swift */ = {isa = PBXFileReference; lastKnownFileType = sourcecode.swift; path = SceneDelegate.swift; sourceTree = "<group>"; };
		BE583664239B14D500240335 /* ContentView.swift */ = {isa = PBXFileReference; lastKnownFileType = sourcecode.swift; path = ContentView.swift; sourceTree = "<group>"; };
		BE583666239B14D800240335 /* Assets.xcassets */ = {isa = PBXFileReference; lastKnownFileType = folder.assetcatalog; path = Assets.xcassets; sourceTree = "<group>"; };
		BE583669239B14D800240335 /* Preview Assets.xcassets */ = {isa = PBXFileReference; lastKnownFileType = folder.assetcatalog; path = "Preview Assets.xcassets"; sourceTree = "<group>"; };
		BE58366C239B14D800240335 /* Base */ = {isa = PBXFileReference; lastKnownFileType = file.storyboard; name = Base; path = Base.lproj/LaunchScreen.storyboard; sourceTree = "<group>"; };
		BE58366E239B14D800240335 /* Info.plist */ = {isa = PBXFileReference; lastKnownFileType = text.plist.xml; path = Info.plist; sourceTree = "<group>"; };
		BE583673239B14D800240335 /* ButtonTests.xctest */ = {isa = PBXFileReference; explicitFileType = wrapper.cfbundle; includeInIndex = 0; path = ButtonTests.xctest; sourceTree = BUILT_PRODUCTS_DIR; };
		BE583677239B14D800240335 /* ButtonTests.swift */ = {isa = PBXFileReference; lastKnownFileType = sourcecode.swift; path = ButtonTests.swift; sourceTree = "<group>"; };
		BE583679239B14D800240335 /* Info.plist */ = {isa = PBXFileReference; lastKnownFileType = text.plist.xml; path = Info.plist; sourceTree = "<group>"; };
		BE58367E239B14D800240335 /* ButtonUITests.xctest */ = {isa = PBXFileReference; explicitFileType = wrapper.cfbundle; includeInIndex = 0; path = ButtonUITests.xctest; sourceTree = BUILT_PRODUCTS_DIR; };
		BE583682239B14D800240335 /* ButtonUITests.swift */ = {isa = PBXFileReference; lastKnownFileType = sourcecode.swift; path = ButtonUITests.swift; sourceTree = "<group>"; };
		BE583684239B14D800240335 /* Info.plist */ = {isa = PBXFileReference; lastKnownFileType = text.plist.xml; path = Info.plist; sourceTree = "<group>"; };
		BE583690239B600500240335 /* CustomButton.swift */ = {isa = PBXFileReference; lastKnownFileType = sourcecode.swift; path = CustomButton.swift; sourceTree = "<group>"; };
		BE583692239B61A200240335 /* LoadableButton.swift */ = {isa = PBXFileReference; lastKnownFileType = sourcecode.swift; path = LoadableButton.swift; sourceTree = "<group>"; };
		BE583694239B630300240335 /* ActivityIndicator.swift */ = {isa = PBXFileReference; lastKnownFileType = sourcecode.swift; path = ActivityIndicator.swift; sourceTree = "<group>"; };
/* End PBXFileReference section */

/* Begin PBXFrameworksBuildPhase section */
		BE58365A239B14D500240335 /* Frameworks */ = {
			isa = PBXFrameworksBuildPhase;
			buildActionMask = 2147483647;
			files = (
			);
			runOnlyForDeploymentPostprocessing = 0;
		};
		BE583670239B14D800240335 /* Frameworks */ = {
			isa = PBXFrameworksBuildPhase;
			buildActionMask = 2147483647;
			files = (
			);
			runOnlyForDeploymentPostprocessing = 0;
		};
		BE58367B239B14D800240335 /* Frameworks */ = {
			isa = PBXFrameworksBuildPhase;
			buildActionMask = 2147483647;
			files = (
			);
			runOnlyForDeploymentPostprocessing = 0;
		};
/* End PBXFrameworksBuildPhase section */

/* Begin PBXGroup section */
		BE583654239B14D500240335 = {
			isa = PBXGroup;
			children = (
				BE58365F239B14D500240335 /* Button */,
				BE583676239B14D800240335 /* ButtonTests */,
				BE583681239B14D800240335 /* ButtonUITests */,
				BE58365E239B14D500240335 /* Products */,
			);
			sourceTree = "<group>";
		};
		BE58365E239B14D500240335 /* Products */ = {
			isa = PBXGroup;
			children = (
				BE58365D239B14D500240335 /* Button.app */,
				BE583673239B14D800240335 /* ButtonTests.xctest */,
				BE58367E239B14D800240335 /* ButtonUITests.xctest */,
			);
			name = Products;
			sourceTree = "<group>";
		};
		BE58365F239B14D500240335 /* Button */ = {
			isa = PBXGroup;
			children = (
				BE583660239B14D500240335 /* AppDelegate.swift */,
				BE583694239B630300240335 /* ActivityIndicator.swift */,
				BE583690239B600500240335 /* CustomButton.swift */,
				BE583692239B61A200240335 /* LoadableButton.swift */,
				BE583662239B14D500240335 /* SceneDelegate.swift */,
				BE583664239B14D500240335 /* ContentView.swift */,
				BE583666239B14D800240335 /* Assets.xcassets */,
				BE58366B239B14D800240335 /* LaunchScreen.storyboard */,
				BE58366E239B14D800240335 /* Info.plist */,
				BE583668239B14D800240335 /* Preview Content */,
			);
			path = Button;
			sourceTree = "<group>";
		};
		BE583668239B14D800240335 /* Preview Content */ = {
			isa = PBXGroup;
			children = (
				BE583669239B14D800240335 /* Preview Assets.xcassets */,
			);
			path = "Preview Content";
			sourceTree = "<group>";
		};
		BE583676239B14D800240335 /* ButtonTests */ = {
			isa = PBXGroup;
			children = (
				BE583677239B14D800240335 /* ButtonTests.swift */,
				BE583679239B14D800240335 /* Info.plist */,
			);
			path = ButtonTests;
			sourceTree = "<group>";
		};
		BE583681239B14D800240335 /* ButtonUITests */ = {
			isa = PBXGroup;
			children = (
				BE583682239B14D800240335 /* ButtonUITests.swift */,
				BE583684239B14D800240335 /* Info.plist */,
			);
			path = ButtonUITests;
			sourceTree = "<group>";
		};
/* End PBXGroup section */

/* Begin PBXNativeTarget section */
		BE58365C239B14D500240335 /* Button */ = {
			isa = PBXNativeTarget;
			buildConfigurationList = BE583687239B14D800240335 /* Build configuration list for PBXNativeTarget "Button" */;
			buildPhases = (
				BE583659239B14D500240335 /* Sources */,
				BE58365A239B14D500240335 /* Frameworks */,
				BE58365B239B14D500240335 /* Resources */,
			);
			buildRules = (
			);
			dependencies = (
			);
			name = Button;
			productName = Button;
			productReference = BE58365D239B14D500240335 /* Button.app */;
			productType = "com.apple.product-type.application";
		};
		BE583672239B14D800240335 /* ButtonTests */ = {
			isa = PBXNativeTarget;
			buildConfigurationList = BE58368A239B14D800240335 /* Build configuration list for PBXNativeTarget "ButtonTests" */;
			buildPhases = (
				BE58366F239B14D800240335 /* Sources */,
				BE583670239B14D800240335 /* Frameworks */,
				BE583671239B14D800240335 /* Resources */,
			);
			buildRules = (
			);
			dependencies = (
				BE583675239B14D800240335 /* PBXTargetDependency */,
			);
			name = ButtonTests;
			productName = ButtonTests;
			productReference = BE583673239B14D800240335 /* ButtonTests.xctest */;
			productType = "com.apple.product-type.bundle.unit-test";
		};
		BE58367D239B14D800240335 /* ButtonUITests */ = {
			isa = PBXNativeTarget;
			buildConfigurationList = BE58368D239B14D800240335 /* Build configuration list for PBXNativeTarget "ButtonUITests" */;
			buildPhases = (
				BE58367A239B14D800240335 /* Sources */,
				BE58367B239B14D800240335 /* Frameworks */,
				BE58367C239B14D800240335 /* Resources */,
			);
			buildRules = (
			);
			dependencies = (
				BE583680239B14D800240335 /* PBXTargetDependency */,
			);
			name = ButtonUITests;
			productName = ButtonUITests;
			productReference = BE58367E239B14D800240335 /* ButtonUITests.xctest */;
			productType = "com.apple.product-type.bundle.ui-testing";
		};
/* End PBXNativeTarget section */

/* Begin PBXProject section */
		BE583655239B14D500240335 /* Project object */ = {
			isa = PBXProject;
			attributes = {
				LastSwiftUpdateCheck = 1120;
				LastUpgradeCheck = 1120;
				ORGANIZATIONNAME = Overflight;
				TargetAttributes = {
					BE58365C239B14D500240335 = {
						CreatedOnToolsVersion = 11.2.1;
					};
					BE583672239B14D800240335 = {
						CreatedOnToolsVersion = 11.2.1;
						TestTargetID = BE58365C239B14D500240335;
					};
					BE58367D239B14D800240335 = {
						CreatedOnToolsVersion = 11.2.1;
						TestTargetID = BE58365C239B14D500240335;
					};
				};
			};
			buildConfigurationList = BE583658239B14D500240335 /* Build configuration list for PBXProject "Button" */;
			compatibilityVersion = "Xcode 9.3";
			developmentRegion = en;
			hasScannedForEncodings = 0;
			knownRegions = (
				en,
				Base,
			);
			mainGroup = BE583654239B14D500240335;
			productRefGroup = BE58365E239B14D500240335 /* Products */;
			projectDirPath = "";
			projectRoot = "";
			targets = (
				BE58365C239B14D500240335 /* Button */,
				BE583672239B14D800240335 /* ButtonTests */,
				BE58367D239B14D800240335 /* ButtonUITests */,
			);
		};
/* End PBXProject section */

/* Begin PBXResourcesBuildPhase section */
		BE58365B239B14D500240335 /* Resources */ = {
			isa = PBXResourcesBuildPhase;
			buildActionMask = 2147483647;
			files = (
				BE58366D239B14D800240335 /* LaunchScreen.storyboard in Resources */,
				BE58366A239B14D800240335 /* Preview Assets.xcassets in Resources */,
				BE583667239B14D800240335 /* Assets.xcassets in Resources */,
			);
			runOnlyForDeploymentPostprocessing = 0;
		};
		BE583671239B14D800240335 /* Resources */ = {
			isa = PBXResourcesBuildPhase;
			buildActionMask = 2147483647;
			files = (
			);
			runOnlyForDeploymentPostprocessing = 0;
		};
		BE58367C239B14D800240335 /* Resources */ = {
			isa = PBXResourcesBuildPhase;
			buildActionMask = 2147483647;
			files = (
			);
			runOnlyForDeploymentPostprocessing = 0;
		};
/* End PBXResourcesBuildPhase section */

/* Begin PBXSourcesBuildPhase section */
		BE583659239B14D500240335 /* Sources */ = {
			isa = PBXSourcesBuildPhase;
			buildActionMask = 2147483647;
			files = (
				BE583691239B600500240335 /* CustomButton.swift in Sources */,
				BE583693239B61A200240335 /* LoadableButton.swift in Sources */,
				BE583661239B14D500240335 /* AppDelegate.swift in Sources */,
				BE583663239B14D500240335 /* SceneDelegate.swift in Sources */,
				BE583695239B630300240335 /* ActivityIndicator.swift in Sources */,
				BE583665239B14D500240335 /* ContentView.swift in Sources */,
			);
			runOnlyForDeploymentPostprocessing = 0;
		};
		BE58366F239B14D800240335 /* Sources */ = {
			isa = PBXSourcesBuildPhase;
			buildActionMask = 2147483647;
			files = (
				BE583678239B14D800240335 /* ButtonTests.swift in Sources */,
			);
			runOnlyForDeploymentPostprocessing = 0;
		};
		BE58367A239B14D800240335 /* Sources */ = {
			isa = PBXSourcesBuildPhase;
			buildActionMask = 2147483647;
			files = (
				BE583683239B14D800240335 /* ButtonUITests.swift in Sources */,
			);
			runOnlyForDeploymentPostprocessing = 0;
		};
/* End PBXSourcesBuildPhase section */

/* Begin PBXTargetDependency section */
		BE583675239B14D800240335 /* PBXTargetDependency */ = {
			isa = PBXTargetDependency;
			target = BE58365C239B14D500240335 /* Button */;
			targetProxy = BE583674239B14D800240335 /* PBXContainerItemProxy */;
		};
		BE583680239B14D800240335 /* PBXTargetDependency */ = {
			isa = PBXTargetDependency;
			target = BE58365C239B14D500240335 /* Button */;
			targetProxy = BE58367F239B14D800240335 /* PBXContainerItemProxy */;
		};
/* End PBXTargetDependency section */

/* Begin PBXVariantGroup section */
		BE58366B239B14D800240335 /* LaunchScreen.storyboard */ = {
			isa = PBXVariantGroup;
			children = (
				BE58366C239B14D800240335 /* Base */,
			);
			name = LaunchScreen.storyboard;
			sourceTree = "<group>";
		};
/* End PBXVariantGroup section */

/* Begin XCBuildConfiguration section */
		BE583685239B14D800240335 /* Debug */ = {
			isa = XCBuildConfiguration;
			buildSettings = {
				ALWAYS_SEARCH_USER_PATHS = NO;
				CLANG_ANALYZER_NONNULL = YES;
				CLANG_ANALYZER_NUMBER_OBJECT_CONVERSION = YES_AGGRESSIVE;
				CLANG_CXX_LANGUAGE_STANDARD = "gnu++14";
				CLANG_CXX_LIBRARY = "libc++";
				CLANG_ENABLE_MODULES = YES;
				CLANG_ENABLE_OBJC_ARC = YES;
				CLANG_ENABLE_OBJC_WEAK = YES;
				CLANG_WARN_BLOCK_CAPTURE_AUTORELEASING = YES;
				CLANG_WARN_BOOL_CONVERSION = YES;
				CLANG_WARN_COMMA = YES;
				CLANG_WARN_CONSTANT_CONVERSION = YES;
				CLANG_WARN_DEPRECATED_OBJC_IMPLEMENTATIONS = YES;
				CLANG_WARN_DIRECT_OBJC_ISA_USAGE = YES_ERROR;
				CLANG_WARN_DOCUMENTATION_COMMENTS = YES;
				CLANG_WARN_EMPTY_BODY = YES;
				CLANG_WARN_ENUM_CONVERSION = YES;
				CLANG_WARN_INFINITE_RECURSION = YES;
				CLANG_WARN_INT_CONVERSION = YES;
				CLANG_WARN_NON_LITERAL_NULL_CONVERSION = YES;
				CLANG_WARN_OBJC_IMPLICIT_RETAIN_SELF = YES;
				CLANG_WARN_OBJC_LITERAL_CONVERSION = YES;
				CLANG_WARN_OBJC_ROOT_CLASS = YES_ERROR;
				CLANG_WARN_RANGE_LOOP_ANALYSIS = YES;
				CLANG_WARN_STRICT_PROTOTYPES = YES;
				CLANG_WARN_SUSPICIOUS_MOVE = YES;
				CLANG_WARN_UNGUARDED_AVAILABILITY = YES_AGGRESSIVE;
				CLANG_WARN_UNREACHABLE_CODE = YES;
				CLANG_WARN__DUPLICATE_METHOD_MATCH = YES;
				COPY_PHASE_STRIP = NO;
				DEBUG_INFORMATION_FORMAT = dwarf;
				ENABLE_STRICT_OBJC_MSGSEND = YES;
				ENABLE_TESTABILITY = YES;
				GCC_C_LANGUAGE_STANDARD = gnu11;
				GCC_DYNAMIC_NO_PIC = NO;
				GCC_NO_COMMON_BLOCKS = YES;
				GCC_OPTIMIZATION_LEVEL = 0;
				GCC_PREPROCESSOR_DEFINITIONS = (
					"DEBUG=1",
					"$(inherited)",
				);
				GCC_WARN_64_TO_32_BIT_CONVERSION = YES;
				GCC_WARN_ABOUT_RETURN_TYPE = YES_ERROR;
				GCC_WARN_UNDECLARED_SELECTOR = YES;
				GCC_WARN_UNINITIALIZED_AUTOS = YES_AGGRESSIVE;
				GCC_WARN_UNUSED_FUNCTION = YES;
				GCC_WARN_UNUSED_VARIABLE = YES;
				IPHONEOS_DEPLOYMENT_TARGET = 13.2;
				MTL_ENABLE_DEBUG_INFO = INCLUDE_SOURCE;
				MTL_FAST_MATH = YES;
				ONLY_ACTIVE_ARCH = YES;
				SDKROOT = iphoneos;
				SWIFT_ACTIVE_COMPILATION_CONDITIONS = DEBUG;
				SWIFT_OPTIMIZATION_LEVEL = "-Onone";
			};
			name = Debug;
		};
		BE583686239B14D800240335 /* Release */ = {
			isa = XCBuildConfiguration;
			buildSettings = {
				ALWAYS_SEARCH_USER_PATHS = NO;
				CLANG_ANALYZER_NONNULL = YES;
				CLANG_ANALYZER_NUMBER_OBJECT_CONVERSION = YES_AGGRESSIVE;
				CLANG_CXX_LANGUAGE_STANDARD = "gnu++14";
				CLANG_CXX_LIBRARY = "libc++";
				CLANG_ENABLE_MODULES = YES;
				CLANG_ENABLE_OBJC_ARC = YES;
				CLANG_ENABLE_OBJC_WEAK = YES;
				CLANG_WARN_BLOCK_CAPTURE_AUTORELEASING = YES;
				CLANG_WARN_BOOL_CONVERSION = YES;
				CLANG_WARN_COMMA = YES;
				CLANG_WARN_CONSTANT_CONVERSION = YES;
				CLANG_WARN_DEPRECATED_OBJC_IMPLEMENTATIONS = YES;
				CLANG_WARN_DIRECT_OBJC_ISA_USAGE = YES_ERROR;
				CLANG_WARN_DOCUMENTATION_COMMENTS = YES;
				CLANG_WARN_EMPTY_BODY = YES;
				CLANG_WARN_ENUM_CONVERSION = YES;
				CLANG_WARN_INFINITE_RECURSION = YES;
				CLANG_WARN_INT_CONVERSION = YES;
				CLANG_WARN_NON_LITERAL_NULL_CONVERSION = YES;
				CLANG_WARN_OBJC_IMPLICIT_RETAIN_SELF = YES;
				CLANG_WARN_OBJC_LITERAL_CONVERSION = YES;
				CLANG_WARN_OBJC_ROOT_CLASS = YES_ERROR;
				CLANG_WARN_RANGE_LOOP_ANALYSIS = YES;
				CLANG_WARN_STRICT_PROTOTYPES = YES;
				CLANG_WARN_SUSPICIOUS_MOVE = YES;
				CLANG_WARN_UNGUARDED_AVAILABILITY = YES_AGGRESSIVE;
				CLANG_WARN_UNREACHABLE_CODE = YES;
				CLANG_WARN__DUPLICATE_METHOD_MATCH = YES;
				COPY_PHASE_STRIP = NO;
				DEBUG_INFORMATION_FORMAT = "dwarf-with-dsym";
				ENABLE_NS_ASSERTIONS = NO;
				ENABLE_STRICT_OBJC_MSGSEND = YES;
				GCC_C_LANGUAGE_STANDARD = gnu11;
				GCC_NO_COMMON_BLOCKS = YES;
				GCC_WARN_64_TO_32_BIT_CONVERSION = YES;
				GCC_WARN_ABOUT_RETURN_TYPE = YES_ERROR;
				GCC_WARN_UNDECLARED_SELECTOR = YES;
				GCC_WARN_UNINITIALIZED_AUTOS = YES_AGGRESSIVE;
				GCC_WARN_UNUSED_FUNCTION = YES;
				GCC_WARN_UNUSED_VARIABLE = YES;
				IPHONEOS_DEPLOYMENT_TARGET = 13.2;
				MTL_ENABLE_DEBUG_INFO = NO;
				MTL_FAST_MATH = YES;
				SDKROOT = iphoneos;
				SWIFT_COMPILATION_MODE = wholemodule;
				SWIFT_OPTIMIZATION_LEVEL = "-O";
				VALIDATE_PRODUCT = YES;
			};
			name = Release;
		};
		BE583688239B14D800240335 /* Debug */ = {
			isa = XCBuildConfiguration;
			buildSettings = {
				ASSETCATALOG_COMPILER_APPICON_NAME = AppIcon;
				CODE_SIGN_STYLE = Automatic;
				DEVELOPMENT_ASSET_PATHS = "\"Button/Preview Content\"";
				ENABLE_PREVIEWS = YES;
				INFOPLIST_FILE = Button/Info.plist;
				LD_RUNPATH_SEARCH_PATHS = (
					"$(inherited)",
					"@executable_path/Frameworks",
				);
				PRODUCT_BUNDLE_IDENTIFIER = co.overflight.Button;
				PRODUCT_NAME = "$(TARGET_NAME)";
				SWIFT_VERSION = 5.0;
				TARGETED_DEVICE_FAMILY = "1,2";
			};
			name = Debug;
		};
		BE583689239B14D800240335 /* Release */ = {
			isa = XCBuildConfiguration;
			buildSettings = {
				ASSETCATALOG_COMPILER_APPICON_NAME = AppIcon;
				CODE_SIGN_STYLE = Automatic;
				DEVELOPMENT_ASSET_PATHS = "\"Button/Preview Content\"";
				ENABLE_PREVIEWS = YES;
				INFOPLIST_FILE = Button/Info.plist;
				LD_RUNPATH_SEARCH_PATHS = (
					"$(inherited)",
					"@executable_path/Frameworks",
				);
				PRODUCT_BUNDLE_IDENTIFIER = co.overflight.Button;
				PRODUCT_NAME = "$(TARGET_NAME)";
				SWIFT_VERSION = 5.0;
				TARGETED_DEVICE_FAMILY = "1,2";
			};
			name = Release;
		};
		BE58368B239B14D800240335 /* Debug */ = {
			isa = XCBuildConfiguration;
			buildSettings = {
				ALWAYS_EMBED_SWIFT_STANDARD_LIBRARIES = YES;
				BUNDLE_LOADER = "$(TEST_HOST)";
				CODE_SIGN_STYLE = Automatic;
				INFOPLIST_FILE = ButtonTests/Info.plist;
				IPHONEOS_DEPLOYMENT_TARGET = 13.2;
				LD_RUNPATH_SEARCH_PATHS = (
					"$(inherited)",
					"@executable_path/Frameworks",
					"@loader_path/Frameworks",
				);
				PRODUCT_BUNDLE_IDENTIFIER = co.overflight.ButtonTests;
				PRODUCT_NAME = "$(TARGET_NAME)";
				SWIFT_VERSION = 5.0;
				TARGETED_DEVICE_FAMILY = "1,2";
				TEST_HOST = "$(BUILT_PRODUCTS_DIR)/Button.app/Button";
			};
			name = Debug;
		};
		BE58368C239B14D800240335 /* Release */ = {
			isa = XCBuildConfiguration;
			buildSettings = {
				ALWAYS_EMBED_SWIFT_STANDARD_LIBRARIES = YES;
				BUNDLE_LOADER = "$(TEST_HOST)";
				CODE_SIGN_STYLE = Automatic;
				INFOPLIST_FILE = ButtonTests/Info.plist;
				IPHONEOS_DEPLOYMENT_TARGET = 13.2;
				LD_RUNPATH_SEARCH_PATHS = (
					"$(inherited)",
					"@executable_path/Frameworks",
					"@loader_path/Frameworks",
				);
				PRODUCT_BUNDLE_IDENTIFIER = co.overflight.ButtonTests;
				PRODUCT_NAME = "$(TARGET_NAME)";
				SWIFT_VERSION = 5.0;
				TARGETED_DEVICE_FAMILY = "1,2";
				TEST_HOST = "$(BUILT_PRODUCTS_DIR)/Button.app/Button";
			};
			name = Release;
		};
		BE58368E239B14D800240335 /* Debug */ = {
			isa = XCBuildConfiguration;
			buildSettings = {
				ALWAYS_EMBED_SWIFT_STANDARD_LIBRARIES = YES;
				CODE_SIGN_STYLE = Automatic;
				INFOPLIST_FILE = ButtonUITests/Info.plist;
				LD_RUNPATH_SEARCH_PATHS = (
					"$(inherited)",
					"@executable_path/Frameworks",
					"@loader_path/Frameworks",
				);
				PRODUCT_BUNDLE_IDENTIFIER = co.overflight.ButtonUITests;
				PRODUCT_NAME = "$(TARGET_NAME)";
				SWIFT_VERSION = 5.0;
				TARGETED_DEVICE_FAMILY = "1,2";
				TEST_TARGET_NAME = Button;
			};
			name = Debug;
		};
		BE58368F239B14D800240335 /* Release */ = {
			isa = XCBuildConfiguration;
			buildSettings = {
				ALWAYS_EMBED_SWIFT_STANDARD_LIBRARIES = YES;
				CODE_SIGN_STYLE = Automatic;
				INFOPLIST_FILE = ButtonUITests/Info.plist;
				LD_RUNPATH_SEARCH_PATHS = (
					"$(inherited)",
					"@executable_path/Frameworks",
					"@loader_path/Frameworks",
				);
				PRODUCT_BUNDLE_IDENTIFIER = co.overflight.ButtonUITests;
				PRODUCT_NAME = "$(TARGET_NAME)";
				SWIFT_VERSION = 5.0;
				TARGETED_DEVICE_FAMILY = "1,2";
				TEST_TARGET_NAME = Button;
			};
			name = Release;
		};
/* End XCBuildConfiguration section */

/* Begin XCConfigurationList section */
		BE583658239B14D500240335 /* Build configuration list for PBXProject "Button" */ = {
			isa = XCConfigurationList;
			buildConfigurations = (
				BE583685239B14D800240335 /* Debug */,
				BE583686239B14D800240335 /* Release */,
			);
			defaultConfigurationIsVisible = 0;
			defaultConfigurationName = Release;
		};
		BE583687239B14D800240335 /* Build configuration list for PBXNativeTarget "Button" */ = {
			isa = XCConfigurationList;
			buildConfigurations = (
				BE583688239B14D800240335 /* Debug */,
				BE583689239B14D800240335 /* Release */,
			);
			defaultConfigurationIsVisible = 0;
			defaultConfigurationName = Release;
		};
		BE58368A239B14D800240335 /* Build configuration list for PBXNativeTarget "ButtonTests" */ = {
			isa = XCConfigurationList;
			buildConfigurations = (
				BE58368B239B14D800240335 /* Debug */,
				BE58368C239B14D800240335 /* Release */,
			);
			defaultConfigurationIsVisible = 0;
			defaultConfigurationName = Release;
		};
		BE58368D239B14D800240335 /* Build configuration list for PBXNativeTarget "ButtonUITests" */ = {
			isa = XCConfigurationList;
			buildConfigurations = (
				BE58368E239B14D800240335 /* Debug */,
				BE58368F239B14D800240335 /* Release */,
			);
			defaultConfigurationIsVisible = 0;
			defaultConfigurationName = Release;
		};
/* End XCConfigurationList section */
	};
	rootObject = BE583655239B14D500240335 /* Project object */;
}
